
Microsoft Visual Studio Solution File, Format Version 12.00
# Visual Studio Version 16
VisualStudioVersion = 16.0.34114.132
MinimumVisualStudioVersion = 10.0.40219.1
Project("{FAE04EC0-301F-11D3-BF4B-00C04F79EFBC}") = "ActividadListasUniversidad", "ActividadListasUniversidad.csproj", "{77EE6FB5-8426-463C-BFEE-F5705867ADC6}"
EndProject
Global
	GlobalSection(SolutionConfigurationPlatforms) = preSolution
		Debug|Any CPU = Debug|Any CPU
		Release|Any CPU = Release|Any CPU
	EndGlobalSection
	GlobalSection(ProjectConfigurationPlatforms) = postSolution
		{77EE6FB5-8426-463C-BFEE-F5705867ADC6}.Debug|Any CPU.ActiveCfg = Debug|Any CPU
		{77EE6FB5-8426-463C-BFEE-F5705867ADC6}.Debug|Any CPU.Build.0 = Debug|Any CPU
		{77EE6FB5-8426-463C-BFEE-F5705867ADC6}.Release|Any CPU.ActiveCfg = Release|Any CPU
		{77EE6FB5-8426-463C-BFEE-F5705867ADC6}.Release|Any CPU.Build.0 = Release|Any CPU
	EndGlobalSection
	GlobalSection(SolutionProperties) = preSolution
		HideSolutionNode = FALSE
	EndGlobalSection
	GlobalSection(ExtensibilityGlobals) = postSolution
		SolutionGuid = {7523DD55-D2E9-4446-A526-49637ADE1B15}
	EndGlobalSection
EndGlobal
